
Microsoft Visual Studio Solution File, Format Version 12.00
# Visual Studio Version 16
VisualStudioVersion = 16.0.32228.343
MinimumVisualStudioVersion = 10.0.40219.1
Project("{FAE04EC0-301F-11D3-BF4B-00C04F79EFBC}") = "ECO_DonationWebService", "ECO_DonationWebService.csproj", "{0C7CB838-6EB8-479D-88FE-2A7941A9A5DC}"
EndProject
Global
	GlobalSection(SolutionConfigurationPlatforms) = preSolution
		Debug|Any CPU = Debug|Any CPU
		Release|Any CPU = Release|Any CPU
	EndGlobalSection
	GlobalSection(ProjectConfigurationPlatforms) = postSolution
		{0C7CB838-6EB8-479D-88FE-2A7941A9A5DC}.Debug|Any CPU.ActiveCfg = Debug|Any CPU
		{0C7CB838-6EB8-479D-88FE-2A7941A9A5DC}.Debug|Any CPU.Build.0 = Debug|Any CPU
		{0C7CB838-6EB8-479D-88FE-2A7941A9A5DC}.Release|Any CPU.ActiveCfg = Release|Any CPU
		{0C7CB838-6EB8-479D-88FE-2A7941A9A5DC}.Release|Any CPU.Build.0 = Release|Any CPU
	EndGlobalSection
	GlobalSection(SolutionProperties) = preSolution
		HideSolutionNode = FALSE
	EndGlobalSection
	GlobalSection(ExtensibilityGlobals) = postSolution
		SolutionGuid = {A46097E6-8535-4483-9EAF-FF611FED8BB8}
	EndGlobalSection
EndGlobal
